
Microsoft Visual Studio Solution File, Format Version 12.00
# Visual Studio 15
VisualStudioVersion = 15.0.27703.2042
MinimumVisualStudioVersion = 10.0.40219.1
Project("{FAE04EC0-301F-11D3-BF4B-00C04F79EFBC}") = "TibiaScreenshotViewer", "TibiaScreenshotViewer\TibiaScreenshotViewer.csproj", "{73BA61DB-90C9-47AF-8C6C-6EFDD6AAFB55}"
EndProject
Global
	GlobalSection(SolutionConfigurationPlatforms) = preSolution
		Debug|Any CPU = Debug|Any CPU
		Release|Any CPU = Release|Any CPU
	EndGlobalSection
	GlobalSection(ProjectConfigurationPlatforms) = postSolution
		{73BA61DB-90C9-47AF-8C6C-6EFDD6AAFB55}.Debug|Any CPU.ActiveCfg = Debug|Any CPU
		{73BA61DB-90C9-47AF-8C6C-6EFDD6AAFB55}.Debug|Any CPU.Build.0 = Debug|Any CPU
		{73BA61DB-90C9-47AF-8C6C-6EFDD6AAFB55}.Release|Any CPU.ActiveCfg = Release|Any CPU
		{73BA61DB-90C9-47AF-8C6C-6EFDD6AAFB55}.Release|Any CPU.Build.0 = Release|Any CPU
	EndGlobalSection
	GlobalSection(SolutionProperties) = preSolution
		HideSolutionNode = FALSE
	EndGlobalSection
	GlobalSection(ExtensibilityGlobals) = postSolution
		SolutionGuid = {DF4ADE96-4045-407B-AB9B-D8E6D44EB3AF}
	EndGlobalSection
EndGlobal
